
Microsoft Visual Studio Solution File, Format Version 12.00
# Visual Studio Version 17
VisualStudioVersion = 17.6.33801.468
MinimumVisualStudioVersion = 10.0.40219.1
Project("{F184B08F-C81C-45F6-A57F-5ABD9991F28F}") = "Presentacion", "Presentacion\Presentacion.vbproj", "{81644461-544F-4385-8E4E-4492EDADCE20}"
EndProject
Project("{FAE04EC0-301F-11D3-BF4B-00C04F79EFBC}") = "CapaDominioCSharp", "CapaDominioCSharp\CapaDominioCSharp.csproj", "{663E9C81-0225-4925-8088-16D418ACFE4B}"
EndProject
Project("{F2A71F9B-5D33-465A-A702-920D77279786}") = "CapaDominioFSharp", "CapaDominioFSharp\CapaDominioFSharp.fsproj", "{6F524E0D-1BBB-4B7D-9D4E-C498C256972D}"
EndProject
Global
	GlobalSection(SolutionConfigurationPlatforms) = preSolution
		Debug|Any CPU = Debug|Any CPU
		Release|Any CPU = Release|Any CPU
	EndGlobalSection
	GlobalSection(ProjectConfigurationPlatforms) = postSolution
		{81644461-544F-4385-8E4E-4492EDADCE20}.Debug|Any CPU.ActiveCfg = Debug|Any CPU
		{81644461-544F-4385-8E4E-4492EDADCE20}.Debug|Any CPU.Build.0 = Debug|Any CPU
		{81644461-544F-4385-8E4E-4492EDADCE20}.Release|Any CPU.ActiveCfg = Release|Any CPU
		{81644461-544F-4385-8E4E-4492EDADCE20}.Release|Any CPU.Build.0 = Release|Any CPU
		{663E9C81-0225-4925-8088-16D418ACFE4B}.Debug|Any CPU.ActiveCfg = Debug|Any CPU
		{663E9C81-0225-4925-8088-16D418ACFE4B}.Debug|Any CPU.Build.0 = Debug|Any CPU
		{663E9C81-0225-4925-8088-16D418ACFE4B}.Release|Any CPU.ActiveCfg = Release|Any CPU
		{663E9C81-0225-4925-8088-16D418ACFE4B}.Release|Any CPU.Build.0 = Release|Any CPU
		{6F524E0D-1BBB-4B7D-9D4E-C498C256972D}.Debug|Any CPU.ActiveCfg = Debug|Any CPU
		{6F524E0D-1BBB-4B7D-9D4E-C498C256972D}.Debug|Any CPU.Build.0 = Debug|Any CPU
		{6F524E0D-1BBB-4B7D-9D4E-C498C256972D}.Release|Any CPU.ActiveCfg = Release|Any CPU
		{6F524E0D-1BBB-4B7D-9D4E-C498C256972D}.Release|Any CPU.Build.0 = Release|Any CPU
	EndGlobalSection
	GlobalSection(SolutionProperties) = preSolution
		HideSolutionNode = FALSE
	EndGlobalSection
	GlobalSection(ExtensibilityGlobals) = postSolution
		SolutionGuid = {4780756C-5F05-4416-93C7-3A4A36070EAC}
	EndGlobalSection
EndGlobal
